<?xml version="1.0" encoding="UTF-8" standalone="yes" ?>
<CodeBlocks_project_file>
	<FileVersion major="1" minor="6" />
	<Project>
		<Option title="TeamKWordle" />
		<Option pch_mode="2" />
		<Option compiler="gcc" />
		<Build>
			<Target title="Debug">
				<Option output="bin/Debug/TeamKWordle" prefix_auto="1" extension_auto="1" />
				<Option object_output="obj/Debug/" />
				<Option type="1" />
				<Option compiler="gcc" />
				<Compiler>
					<Add option="-g" />
					<Add directory="view" />
					<Add directory="Sources/model" />
					<Add directory="model" />
					<Add directory="../TeamKWordle" />
					<Add directory="datatier" />
				</Compiler>
			</Target>
		</Build>
		<Compiler>
			<Add option="`fltk-config --cxxflags`" />
		</Compiler>
		<Linker>
			<Add option="`fltk-config --ldstaticflags`" />
		</Linker>
		<Unit filename="datatier/DictionaryLoader.cpp" />
		<Unit filename="datatier/DictionaryLoader.h" />
		<Unit filename="main.cpp" />
		<Unit filename="model/Dictionary.cpp" />
		<Unit filename="model/Dictionary.h" />
		<Unit filename="model/DictionaryNode.cpp" />
		<Unit filename="model/DictionaryNode.h" />
		<Unit filename="model/User.cpp" />
		<Unit filename="model/User.h" />
		<Unit filename="view/GameWindow.cpp" />
		<Unit filename="view/GameWindow.h" />
		<Extensions>
			<lib_finder disable_auto="1" />
		</Extensions>
	</Project>
</CodeBlocks_project_file>
